
Microsoft Visual Studio Solution File, Format Version 12.00
# Visual Studio 15
VisualStudioVersion = 15.0.28307.1145
MinimumVisualStudioVersion = 10.0.40219.1
Project("{8BC9CEB8-8B4A-11D0-8D11-00A0C91BC942}") = "MessageQueue", "MessageQueue\MessageQueue.vcxproj", "{BC03FECE-AECE-416B-A093-12D52783AB97}"
EndProject
Global
	GlobalSection(SolutionConfigurationPlatforms) = preSolution
		Debug|x64 = Debug|x64
		Debug|x86 = Debug|x86
		Release|x64 = Release|x64
		Release|x86 = Release|x86
	EndGlobalSection
	GlobalSection(ProjectConfigurationPlatforms) = postSolution
		{BC03FECE-AECE-416B-A093-12D52783AB97}.Debug|x64.ActiveCfg = Debug|x64
		{BC03FECE-AECE-416B-A093-12D52783AB97}.Debug|x64.Build.0 = Debug|x64
		{BC03FECE-AECE-416B-A093-12D52783AB97}.Debug|x86.ActiveCfg = Debug|Win32
		{BC03FECE-AECE-416B-A093-12D52783AB97}.Debug|x86.Build.0 = Debug|Win32
		{BC03FECE-AECE-416B-A093-12D52783AB97}.Release|x64.ActiveCfg = Release|x64
		{BC03FECE-AECE-416B-A093-12D52783AB97}.Release|x64.Build.0 = Release|x64
		{BC03FECE-AECE-416B-A093-12D52783AB97}.Release|x86.ActiveCfg = Release|Win32
		{BC03FECE-AECE-416B-A093-12D52783AB97}.Release|x86.Build.0 = Release|Win32
	EndGlobalSection
	GlobalSection(SolutionProperties) = preSolution
		HideSolutionNode = FALSE
	EndGlobalSection
	GlobalSection(ExtensibilityGlobals) = postSolution
		SolutionGuid = {6F49814C-67D3-4BC3-AB75-B2A466B50659}
	EndGlobalSection
EndGlobal
